
Microsoft Visual Studio Solution File, Format Version 12.00
# Visual Studio Version 17
VisualStudioVersion = 17.3.32825.248
MinimumVisualStudioVersion = 10.0.40219.1
Project("{FAE04EC0-301F-11D3-BF4B-00C04F79EFBC}") = "Lesson11_01", "Lesson11_01\Lesson11_01.csproj", "{56E94A9E-0CB6-4033-8E43-A78EE6561370}"
EndProject
Global
	GlobalSection(SolutionConfigurationPlatforms) = preSolution
		Debug|Any CPU = Debug|Any CPU
		Release|Any CPU = Release|Any CPU
	EndGlobalSection
	GlobalSection(ProjectConfigurationPlatforms) = postSolution
		{56E94A9E-0CB6-4033-8E43-A78EE6561370}.Debug|Any CPU.ActiveCfg = Debug|Any CPU
		{56E94A9E-0CB6-4033-8E43-A78EE6561370}.Debug|Any CPU.Build.0 = Debug|Any CPU
		{56E94A9E-0CB6-4033-8E43-A78EE6561370}.Release|Any CPU.ActiveCfg = Release|Any CPU
		{56E94A9E-0CB6-4033-8E43-A78EE6561370}.Release|Any CPU.Build.0 = Release|Any CPU
	EndGlobalSection
	GlobalSection(SolutionProperties) = preSolution
		HideSolutionNode = FALSE
	EndGlobalSection
	GlobalSection(ExtensibilityGlobals) = postSolution
		SolutionGuid = {10DDDE6D-A102-4435-9D74-FB4139AA28C7}
	EndGlobalSection
EndGlobal
